// !$*UTF8*$!
{
	archiveVersion = 1;
	classes = {
	};
	objectVersion = 50;
	objects = {

/* Begin PBXBuildFile section */
		268DF3782264E71F00DA17D4 /* AppDelegate.swift in Sources */ = {isa = PBXBuildFile; fileRef = 268DF3772264E71F00DA17D4 /* AppDelegate.swift */; };
		268DF37A2264E71F00DA17D4 /* ViewController.swift in Sources */ = {isa = PBXBuildFile; fileRef = 268DF3792264E71F00DA17D4 /* ViewController.swift */; };
		268DF37D2264E71F00DA17D4 /* Main.storyboard in Resources */ = {isa = PBXBuildFile; fileRef = 268DF37B2264E71F00DA17D4 /* Main.storyboard */; };
		268DF37F2264E72100DA17D4 /* Assets.xcassets in Resources */ = {isa = PBXBuildFile; fileRef = 268DF37E2264E72100DA17D4 /* Assets.xcassets */; };
		268DF3822264E72100DA17D4 /* LaunchScreen.storyboard in Resources */ = {isa = PBXBuildFile; fileRef = 268DF3802264E72100DA17D4 /* LaunchScreen.storyboard */; };
		268DF38C2264EFE800DA17D4 /* Card.swift in Sources */ = {isa = PBXBuildFile; fileRef = 268DF38B2264EFE800DA17D4 /* Card.swift */; };
		268DF38F2264F01700DA17D4 /* Game.swift in Sources */ = {isa = PBXBuildFile; fileRef = 268DF38E2264F01700DA17D4 /* Game.swift */; };
/* End PBXBuildFile section */

/* Begin PBXFileReference section */
		268DF3742264E71F00DA17D4 /* DeckOfCards1.app */ = {isa = PBXFileReference; explicitFileType = wrapper.application; includeInIndex = 0; path = DeckOfCards1.app; sourceTree = BUILT_PRODUCTS_DIR; };
		268DF3772264E71F00DA17D4 /* AppDelegate.swift */ = {isa = PBXFileReference; lastKnownFileType = sourcecode.swift; path = AppDelegate.swift; sourceTree = "<group>"; };
		268DF3792264E71F00DA17D4 /* ViewController.swift */ = {isa = PBXFileReference; lastKnownFileType = sourcecode.swift; path = ViewController.swift; sourceTree = "<group>"; };
		268DF37C2264E71F00DA17D4 /* Base */ = {isa = PBXFileReference; lastKnownFileType = file.storyboard; name = Base; path = Base.lproj/Main.storyboard; sourceTree = "<group>"; };
		268DF37E2264E72100DA17D4 /* Assets.xcassets */ = {isa = PBXFileReference; lastKnownFileType = folder.assetcatalog; path = Assets.xcassets; sourceTree = "<group>"; };
		268DF3812264E72100DA17D4 /* Base */ = {isa = PBXFileReference; lastKnownFileType = file.storyboard; name = Base; path = Base.lproj/LaunchScreen.storyboard; sourceTree = "<group>"; };
		268DF3832264E72100DA17D4 /* Info.plist */ = {isa = PBXFileReference; lastKnownFileType = text.plist.xml; path = Info.plist; sourceTree = "<group>"; };
		268DF38B2264EFE800DA17D4 /* Card.swift */ = {isa = PBXFileReference; lastKnownFileType = sourcecode.swift; path = Card.swift; sourceTree = "<group>"; };
		268DF38E2264F01700DA17D4 /* Game.swift */ = {isa = PBXFileReference; lastKnownFileType = sourcecode.swift; path = Game.swift; sourceTree = "<group>"; };
/* End PBXFileReference section */

/* Begin PBXFrameworksBuildPhase section */
		268DF3712264E71F00DA17D4 /* Frameworks */ = {
			isa = PBXFrameworksBuildPhase;
			buildActionMask = 2147483647;
			files = (
			);
			runOnlyForDeploymentPostprocessing = 0;
		};
/* End PBXFrameworksBuildPhase section */

/* Begin PBXGroup section */
		268DF36B2264E71F00DA17D4 = {
			isa = PBXGroup;
			children = (
				268DF3762264E71F00DA17D4 /* DeckOfCards1 */,
				268DF3752264E71F00DA17D4 /* Products */,
			);
			sourceTree = "<group>";
		};
		268DF3752264E71F00DA17D4 /* Products */ = {
			isa = PBXGroup;
			children = (
				268DF3742264E71F00DA17D4 /* DeckOfCards1.app */,
			);
			name = Products;
			sourceTree = "<group>";
		};
		268DF3762264E71F00DA17D4 /* DeckOfCards1 */ = {
			isa = PBXGroup;
			children = (
				268DF38A2264ECBC00DA17D4 /* Controller */,
				268DF38D2264EFFF00DA17D4 /* Model */,
				268DF37B2264E71F00DA17D4 /* Main.storyboard */,
				268DF37E2264E72100DA17D4 /* Assets.xcassets */,
				268DF3802264E72100DA17D4 /* LaunchScreen.storyboard */,
				268DF3832264E72100DA17D4 /* Info.plist */,
				268DF3772264E71F00DA17D4 /* AppDelegate.swift */,
			);
			path = DeckOfCards1;
			sourceTree = "<group>";
		};
		268DF38A2264ECBC00DA17D4 /* Controller */ = {
			isa = PBXGroup;
			children = (
				268DF3792264E71F00DA17D4 /* ViewController.swift */,
			);
			path = Controller;
			sourceTree = "<group>";
		};
		268DF38D2264EFFF00DA17D4 /* Model */ = {
			isa = PBXGroup;
			children = (
				268DF38B2264EFE800DA17D4 /* Card.swift */,
				268DF38E2264F01700DA17D4 /* Game.swift */,
			);
			path = Model;
			sourceTree = "<group>";
		};
/* End PBXGroup section */

/* Begin PBXNativeTarget section */
		268DF3732264E71F00DA17D4 /* DeckOfCards1 */ = {
			isa = PBXNativeTarget;
			buildConfigurationList = 268DF3862264E72100DA17D4 /* Build configuration list for PBXNativeTarget "DeckOfCards1" */;
			buildPhases = (
				268DF3702264E71F00DA17D4 /* Sources */,
				268DF3712264E71F00DA17D4 /* Frameworks */,
				268DF3722264E71F00DA17D4 /* Resources */,
			);
			buildRules = (
			);
			dependencies = (
			);
			name = DeckOfCards1;
			productName = DeckOfCards1;
			productReference = 268DF3742264E71F00DA17D4 /* DeckOfCards1.app */;
			productType = "com.apple.product-type.application";
		};
/* End PBXNativeTarget section */

/* Begin PBXProject section */
		268DF36C2264E71F00DA17D4 /* Project object */ = {
			isa = PBXProject;
			attributes = {
				LastSwiftUpdateCheck = 1020;
				LastUpgradeCheck = 1020;
				ORGANIZATIONNAME = "Annderson Packeiser Oreto";
				TargetAttributes = {
					268DF3732264E71F00DA17D4 = {
						CreatedOnToolsVersion = 10.2;
					};
				};
			};
			buildConfigurationList = 268DF36F2264E71F00DA17D4 /* Build configuration list for PBXProject "DeckOfCards1" */;
			compatibilityVersion = "Xcode 9.3";
			developmentRegion = en;
			hasScannedForEncodings = 0;
			knownRegions = (
				en,
				Base,
			);
			mainGroup = 268DF36B2264E71F00DA17D4;
			productRefGroup = 268DF3752264E71F00DA17D4 /* Products */;
			projectDirPath = "";
			projectRoot = "";
			targets = (
				268DF3732264E71F00DA17D4 /* DeckOfCards1 */,
			);
		};
/* End PBXProject section */

/* Begin PBXResourcesBuildPhase section */
		268DF3722264E71F00DA17D4 /* Resources */ = {
			isa = PBXResourcesBuildPhase;
			buildActionMask = 2147483647;
			files = (
				268DF3822264E72100DA17D4 /* LaunchScreen.storyboard in Resources */,
				268DF37F2264E72100DA17D4 /* Assets.xcassets in Resources */,
				268DF37D2264E71F00DA17D4 /* Main.storyboard in Resources */,
			);
			runOnlyForDeploymentPostprocessing = 0;
		};
/* End PBXResourcesBuildPhase section */

/* Begin PBXSourcesBuildPhase section */
		268DF3702264E71F00DA17D4 /* Sources */ = {
			isa = PBXSourcesBuildPhase;
			buildActionMask = 2147483647;
			files = (
				268DF37A2264E71F00DA17D4 /* ViewController.swift in Sources */,
				268DF38C2264EFE800DA17D4 /* Card.swift in Sources */,
				268DF3782264E71F00DA17D4 /* AppDelegate.swift in Sources */,
				268DF38F2264F01700DA17D4 /* Game.swift in Sources */,
			);
			runOnlyForDeploymentPostprocessing = 0;
		};
/* End PBXSourcesBuildPhase section */

/* Begin PBXVariantGroup section */
		268DF37B2264E71F00DA17D4 /* Main.storyboard */ = {
			isa = PBXVariantGroup;
			children = (
				268DF37C2264E71F00DA17D4 /* Base */,
			);
			name = Main.storyboard;
			sourceTree = "<group>";
		};
		268DF3802264E72100DA17D4 /* LaunchScreen.storyboard */ = {
			isa = PBXVariantGroup;
			children = (
				268DF3812264E72100DA17D4 /* Base */,
			);
			name = LaunchScreen.storyboard;
			sourceTree = "<group>";
		};
/* End PBXVariantGroup section */

/* Begin XCBuildConfiguration section */
		268DF3842264E72100DA17D4 /* Debug */ = {
			isa = XCBuildConfiguration;
			buildSettings = {
				ALWAYS_SEARCH_USER_PATHS = NO;
				CLANG_ANALYZER_NONNULL = YES;
				CLANG_ANALYZER_NUMBER_OBJECT_CONVERSION = YES_AGGRESSIVE;
				CLANG_CXX_LANGUAGE_STANDARD = "gnu++14";
				CLANG_CXX_LIBRARY = "libc++";
				CLANG_ENABLE_MODULES = YES;
				CLANG_ENABLE_OBJC_ARC = YES;
				CLANG_ENABLE_OBJC_WEAK = YES;
				CLANG_WARN_BLOCK_CAPTURE_AUTORELEASING = YES;
				CLANG_WARN_BOOL_CONVERSION = YES;
				CLANG_WARN_COMMA = YES;
				CLANG_WARN_CONSTANT_CONVERSION = YES;
				CLANG_WARN_DEPRECATED_OBJC_IMPLEMENTATIONS = YES;
				CLANG_WARN_DIRECT_OBJC_ISA_USAGE = YES_ERROR;
				CLANG_WARN_DOCUMENTATION_COMMENTS = YES;
				CLANG_WARN_EMPTY_BODY = YES;
				CLANG_WARN_ENUM_CONVERSION = YES;
				CLANG_WARN_INFINITE_RECURSION = YES;
				CLANG_WARN_INT_CONVERSION = YES;
				CLANG_WARN_NON_LITERAL_NULL_CONVERSION = YES;
				CLANG_WARN_OBJC_IMPLICIT_RETAIN_SELF = YES;
				CLANG_WARN_OBJC_LITERAL_CONVERSION = YES;
				CLANG_WARN_OBJC_ROOT_CLASS = YES_ERROR;
				CLANG_WARN_RANGE_LOOP_ANALYSIS = YES;
				CLANG_WARN_STRICT_PROTOTYPES = YES;
				CLANG_WARN_SUSPICIOUS_MOVE = YES;
				CLANG_WARN_UNGUARDED_AVAILABILITY = YES_AGGRESSIVE;
				CLANG_WARN_UNREACHABLE_CODE = YES;
				CLANG_WARN__DUPLICATE_METHOD_MATCH = YES;
				CODE_SIGN_IDENTITY = "iPhone Developer";
				COPY_PHASE_STRIP = NO;
				DEBUG_INFORMATION_FORMAT = dwarf;
				ENABLE_STRICT_OBJC_MSGSEND = YES;
				ENABLE_TESTABILITY = YES;
				GCC_C_LANGUAGE_STANDARD = gnu11;
				GCC_DYNAMIC_NO_PIC = NO;
				GCC_NO_COMMON_BLOCKS = YES;
				GCC_OPTIMIZATION_LEVEL = 0;
				GCC_PREPROCESSOR_DEFINITIONS = (
					"DEBUG=1",
					"$(inherited)",
				);
				GCC_WARN_64_TO_32_BIT_CONVERSION = YES;
				GCC_WARN_ABOUT_RETURN_TYPE = YES_ERROR;
				GCC_WARN_UNDECLARED_SELECTOR = YES;
				GCC_WARN_UNINITIALIZED_AUTOS = YES_AGGRESSIVE;
				GCC_WARN_UNUSED_FUNCTION = YES;
				GCC_WARN_UNUSED_VARIABLE = YES;
				IPHONEOS_DEPLOYMENT_TARGET = 12.2;
				MTL_ENABLE_DEBUG_INFO = INCLUDE_SOURCE;
				MTL_FAST_MATH = YES;
				ONLY_ACTIVE_ARCH = YES;
				SDKROOT = iphoneos;
				SWIFT_ACTIVE_COMPILATION_CONDITIONS = DEBUG;
				SWIFT_OPTIMIZATION_LEVEL = "-Onone";
			};
			name = Debug;
		};
		268DF3852264E72100DA17D4 /* Release */ = {
			isa = XCBuildConfiguration;
			buildSettings = {
				ALWAYS_SEARCH_USER_PATHS = NO;
				CLANG_ANALYZER_NONNULL = YES;
				CLANG_ANALYZER_NUMBER_OBJECT_CONVERSION = YES_AGGRESSIVE;
				CLANG_CXX_LANGUAGE_STANDARD = "gnu++14";
				CLANG_CXX_LIBRARY = "libc++";
				CLANG_ENABLE_MODULES = YES;
				CLANG_ENABLE_OBJC_ARC = YES;
				CLANG_ENABLE_OBJC_WEAK = YES;
				CLANG_WARN_BLOCK_CAPTURE_AUTORELEASING = YES;
				CLANG_WARN_BOOL_CONVERSION = YES;
				CLANG_WARN_COMMA = YES;
				CLANG_WARN_CONSTANT_CONVERSION = YES;
				CLANG_WARN_DEPRECATED_OBJC_IMPLEMENTATIONS = YES;
				CLANG_WARN_DIRECT_OBJC_ISA_USAGE = YES_ERROR;
				CLANG_WARN_DOCUMENTATION_COMMENTS = YES;
				CLANG_WARN_EMPTY_BODY = YES;
				CLANG_WARN_ENUM_CONVERSION = YES;
				CLANG_WARN_INFINITE_RECURSION = YES;
				CLANG_WARN_INT_CONVERSION = YES;
				CLANG_WARN_NON_LITERAL_NULL_CONVERSION = YES;
				CLANG_WARN_OBJC_IMPLICIT_RETAIN_SELF = YES;
				CLANG_WARN_OBJC_LITERAL_CONVERSION = YES;
				CLANG_WARN_OBJC_ROOT_CLASS = YES_ERROR;
				CLANG_WARN_RANGE_LOOP_ANALYSIS = YES;
				CLANG_WARN_STRICT_PROTOTYPES = YES;
				CLANG_WARN_SUSPICIOUS_MOVE = YES;
				CLANG_WARN_UNGUARDED_AVAILABILITY = YES_AGGRESSIVE;
				CLANG_WARN_UNREACHABLE_CODE = YES;
				CLANG_WARN__DUPLICATE_METHOD_MATCH = YES;
				CODE_SIGN_IDENTITY = "iPhone Developer";
				COPY_PHASE_STRIP = NO;
				DEBUG_INFORMATION_FORMAT = "dwarf-with-dsym";
				ENABLE_NS_ASSERTIONS = NO;
				ENABLE_STRICT_OBJC_MSGSEND = YES;
				GCC_C_LANGUAGE_STANDARD = gnu11;
				GCC_NO_COMMON_BLOCKS = YES;
				GCC_WARN_64_TO_32_BIT_CONVERSION = YES;
				GCC_WARN_ABOUT_RETURN_TYPE = YES_ERROR;
				GCC_WARN_UNDECLARED_SELECTOR = YES;
				GCC_WARN_UNINITIALIZED_AUTOS = YES_AGGRESSIVE;
				GCC_WARN_UNUSED_FUNCTION = YES;
				GCC_WARN_UNUSED_VARIABLE = YES;
				IPHONEOS_DEPLOYMENT_TARGET = 12.2;
				MTL_ENABLE_DEBUG_INFO = NO;
				MTL_FAST_MATH = YES;
				SDKROOT = iphoneos;
				SWIFT_COMPILATION_MODE = wholemodule;
				SWIFT_OPTIMIZATION_LEVEL = "-O";
				VALIDATE_PRODUCT = YES;
			};
			name = Release;
		};
		268DF3872264E72100DA17D4 /* Debug */ = {
			isa = XCBuildConfiguration;
			buildSettings = {
				ASSETCATALOG_COMPILER_APPICON_NAME = AppIcon;
				CODE_SIGN_STYLE = Automatic;
				INFOPLIST_FILE = DeckOfCards1/Info.plist;
				LD_RUNPATH_SEARCH_PATHS = (
					"$(inherited)",
					"@executable_path/Frameworks",
				);
				PRODUCT_BUNDLE_IDENTIFIER = com.annderson.DeckOfCards1;
				PRODUCT_NAME = "$(TARGET_NAME)";
				SWIFT_VERSION = 5.0;
				TARGETED_DEVICE_FAMILY = "1,2";
			};
			name = Debug;
		};
		268DF3882264E72100DA17D4 /* Release */ = {
			isa = XCBuildConfiguration;
			buildSettings = {
				ASSETCATALOG_COMPILER_APPICON_NAME = AppIcon;
				CODE_SIGN_STYLE = Automatic;
				INFOPLIST_FILE = DeckOfCards1/Info.plist;
				LD_RUNPATH_SEARCH_PATHS = (
					"$(inherited)",
					"@executable_path/Frameworks",
				);
				PRODUCT_BUNDLE_IDENTIFIER = com.annderson.DeckOfCards1;
				PRODUCT_NAME = "$(TARGET_NAME)";
				SWIFT_VERSION = 5.0;
				TARGETED_DEVICE_FAMILY = "1,2";
			};
			name = Release;
		};
/* End XCBuildConfiguration section */

/* Begin XCConfigurationList section */
		268DF36F2264E71F00DA17D4 /* Build configuration list for PBXProject "DeckOfCards1" */ = {
			isa = XCConfigurationList;
			buildConfigurations = (
				268DF3842264E72100DA17D4 /* Debug */,
				268DF3852264E72100DA17D4 /* Release */,
			);
			defaultConfigurationIsVisible = 0;
			defaultConfigurationName = Release;
		};
		268DF3862264E72100DA17D4 /* Build configuration list for PBXNativeTarget "DeckOfCards1" */ = {
			isa = XCConfigurationList;
			buildConfigurations = (
				268DF3872264E72100DA17D4 /* Debug */,
				268DF3882264E72100DA17D4 /* Release */,
			);
			defaultConfigurationIsVisible = 0;
			defaultConfigurationName = Release;
		};
/* End XCConfigurationList section */
	};
	rootObject = 268DF36C2264E71F00DA17D4 /* Project object */;
}
